[[package]]
name = "asgiref"
version = "3.2.3"
description = "ASGI specs, helper code, and adapters"
category = "main"
optional = false
python-versions = "*"

[package.extras]
tests = ["pytest (>=4.3.0,<4.4.0)", "pytest-asyncio (>=0.10.0,<0.11.0)"]

[[package]]
name = "beautifulsoup4"
version = "4.8.1"
description = "Screen-scraping library"
category = "main"
optional = false
python-versions = "*"

[package.dependencies]
soupsieve = ">=1.2"

[package.extras]
html5lib = ["html5lib"]
lxml = ["lxml"]

[[package]]
name = "django"
version = "3.0.1"
description = "A high-level Python Web framework that encourages rapid development and clean, pragmatic design."
category = "main"
optional = false
python-versions = ">=3.6"

[package.dependencies]
asgiref = ">=3.2,<4.0"
pytz = "*"
sqlparse = ">=0.2.2"

[package.extras]
argon2 = ["argon2-cffi (>=16.1.0)"]
bcrypt = ["bcrypt"]

[[package]]
name = "django-autocomplete-light"
version = "3.5.0"
description = "Fresh autocompletes for Django"
category = "main"
optional = false
python-versions = "*"

[package.dependencies]
six = "*"

[package.extras]
genericm2m = ["django-generic-m2m"]
gfk = ["django-querysetsequence (>=0.11)"]
nested = ["django-nested-admin (>=3.0.21)"]
tags = ["django-taggit"]

[[package]]
name = "django-bootstrap4"
version = "3.0.1"
description = "Bootstrap 4 for Django"
category = "main"
optional = false
python-versions = ">=3.6"

[package.dependencies]
beautifulsoup4 = ">=4.8.0"
Django = ">=2.2"
importlib-metadata = {version = "<3", markers = "python_version < \"3.8\""}

[[package]]
name = "importlib-metadata"
version = "1.7.0"
description = "Read metadata from Python packages"
category = "main"
optional = false
python-versions = "!=3.0.*,!=3.1.*,!=3.2.*,!=3.3.*,!=3.4.*,>=2.7"

[package.dependencies]
zipp = ">=0.5"

[package.extras]
docs = ["sphinx", "rst.linker"]
testing = ["packaging", "pep517", "importlib-resources (>=1.3)"]

[[package]]
name = "python-stdnum"
version = "1.12"
description = "Python module to handle standardized numbers and codes"
category = "main"
optional = false
python-versions = "*"

[package.extras]
soap = ["zeep"]
soap-alt = ["suds"]
soap-fallback = ["pysimplesoap"]

[[package]]
name = "pytz"
version = "2019.3"
description = "World timezone definitions, modern and historical"
category = "main"
optional = false
python-versions = "*"

[[package]]
name = "six"
version = "1.13.0"
description = "Python 2 and 3 compatibility utilities"
category = "main"
optional = false
python-versions = ">=2.6, !=3.0.*, !=3.1.*"

[[package]]
name = "soupsieve"
version = "1.9.5"
description = "A modern CSS selector implementation for Beautiful Soup."
category = "main"
optional = false
python-versions = "*"

[[package]]
name = "sqlparse"
version = "0.3.0"
description = "Non-validating SQL parser"
category = "main"
optional = false
python-versions = ">=2.7, !=3.0.*, !=3.1.*, !=3.2.*, !=3.3.*"

[[package]]
name = "zipp"
version = "3.1.0"
description = "Backport of pathlib-compatible object wrapper for zip files"
category = "main"
optional = false
python-versions = ">=3.6"

[package.extras]
docs = ["sphinx", "jaraco.packaging (>=3.2)", "rst.linker (>=1.9)"]
testing = ["jaraco.itertools", "func-timeout"]

[metadata]
lock-version = "1.1"
python-versions = "^3.7"
content-hash = "2580b88d1c43e38e63c536f28969754fef8ea0706c3b398f8c8749ecf5913bc4"

[metadata.files]
asgiref = [
    {file = "asgiref-3.2.3-py2.py3-none-any.whl", hash = "sha256:ea448f92fc35a0ef4b1508f53a04c4670255a3f33d22a81c8fc9c872036adbe5"},
    {file = "asgiref-3.2.3.tar.gz", hash = "sha256:7e06d934a7718bf3975acbf87780ba678957b87c7adc056f13b6215d610695a0"},
]
beautifulsoup4 = [
    {file = "beautifulsoup4-4.8.1-py2-none-any.whl", hash = "sha256:5279c36b4b2ec2cb4298d723791467e3000e5384a43ea0cdf5d45207c7e97169"},
    {file = "beautifulsoup4-4.8.1-py3-none-any.whl", hash = "sha256:dcdef580e18a76d54002088602eba453eec38ebbcafafeaabd8cab12b6155d57"},
    {file = "beautifulsoup4-4.8.1.tar.gz", hash = "sha256:6135db2ba678168c07950f9a16c4031822c6f4aec75a65e0a97bc5ca09789931"},
]
django = [
    {file = "Django-3.0.1-py3-none-any.whl", hash = "sha256:b61295749be7e1c42467c55bcabdaee9fbe9496fdf9ed2e22cef44d9de2ff953"},
    {file = "Django-3.0.1.tar.gz", hash = "sha256:315b11ea265dd15348d47f2cbb044ef71da2018f6e582fed875c889758e6f844"},
]
django-autocomplete-light = [
    {file = "django-autocomplete-light-3.5.0.tar.gz", hash = "sha256:4a32bce7bc3004f49eb36b377ad18bd6a291077904810f22a2b13a6c53215666"},
]
django-bootstrap4 = [
    {file = "django-bootstrap4-3.0.1.tar.gz", hash = "sha256:c5c97fb473bb56e3a91b4f4be52b74a3fc384ec3baae50dd0807fa922a55ec2b"},
    {file = "django_bootstrap4-3.0.1-py3-none-any.whl", hash = "sha256:aa8a9cb5ab27cfae52a27d377a0401af268d0e4b91a5f8e660546464582cc010"},
]
importlib-metadata = [
    {file = "importlib_metadata-1.7.0-py2.py3-none-any.whl", hash = "sha256:dc15b2969b4ce36305c51eebe62d418ac7791e9a157911d58bfb1f9ccd8e2070"},
    {file = "importlib_metadata-1.7.0.tar.gz", hash = "sha256:90bb658cdbbf6d1735b6341ce708fc7024a3e14e99ffdc5783edea9f9b077f83"},
]
python-stdnum = [
    {file = "python-stdnum-1.12.tar.gz", hash = "sha256:4c1347c414d7bdffb454924998f62c04d907a5c01faff0e35df659b0b52acba5"},
    {file = "python_stdnum-1.12-py2.py3-none-any.whl", hash = "sha256:bb58877dafc2e590dbfddc63fa04876ab2005c3f35c8356a2dd01f62a9bdc4d6"},
]
pytz = [
    {file = "pytz-2019.3-py2.py3-none-any.whl", hash = "sha256:1c557d7d0e871de1f5ccd5833f60fb2550652da6be2693c1e02300743d21500d"},
    {file = "pytz-2019.3.tar.gz", hash = "sha256:b02c06db6cf09c12dd25137e563b31700d3b80fcc4ad23abb7a315f2789819be"},
]
six = [
    {file = "six-1.13.0-py2.py3-none-any.whl", hash = "sha256:1f1b7d42e254082a9db6279deae68afb421ceba6158efa6131de7b3003ee93fd"},
    {file = "six-1.13.0.tar.gz", hash = "sha256:30f610279e8b2578cab6db20741130331735c781b56053c59c4076da27f06b66"},
]
soupsieve = [
    {file = "soupsieve-1.9.5-py2.py3-none-any.whl", hash = "sha256:bdb0d917b03a1369ce964056fc195cfdff8819c40de04695a80bc813c3cfa1f5"},
    {file = "soupsieve-1.9.5.tar.gz", hash = "sha256:e2c1c5dee4a1c36bcb790e0fabd5492d874b8ebd4617622c4f6a731701060dda"},
]
sqlparse = [
    {file = "sqlparse-0.3.0-py2.py3-none-any.whl", hash = "sha256:40afe6b8d4b1117e7dff5504d7a8ce07d9a1b15aeeade8a2d10f130a834f8177"},
    {file = "sqlparse-0.3.0.tar.gz", hash = "sha256:7c3dca29c022744e95b547e867cee89f4fce4373f3549ccd8797d8eb52cdb873"},
]
zipp = [
    {file = "zipp-3.1.0-py3-none-any.whl", hash = "sha256:aa36550ff0c0b7ef7fa639055d797116ee891440eac1a56f378e2d3179e0320b"},
    {file = "zipp-3.1.0.tar.gz", hash = "sha256:c599e4d75c98f6798c509911d08a22e6c021d074469042177c8c86fb92eefd96"},
]
